
Microsoft Visual Studio Solution File, Format Version 12.00
Project("{FAE04EC0-301F-11D3-BF4B-00C04F79EFBC}") = "SolidPrinciples", "SolidPrinciples\SolidPrinciples.csproj", "{B23AB1F1-2A92-474F-BA40-FE2DB554951D}"
EndProject
Global
	GlobalSection(SolutionConfigurationPlatforms) = preSolution
		Debug|Any CPU = Debug|Any CPU
		Release|Any CPU = Release|Any CPU
	EndGlobalSection
	GlobalSection(ProjectConfigurationPlatforms) = postSolution
		{B23AB1F1-2A92-474F-BA40-FE2DB554951D}.Debug|Any CPU.ActiveCfg = Debug|Any CPU
		{B23AB1F1-2A92-474F-BA40-FE2DB554951D}.Debug|Any CPU.Build.0 = Debug|Any CPU
		{B23AB1F1-2A92-474F-BA40-FE2DB554951D}.Release|Any CPU.ActiveCfg = Release|Any CPU
		{B23AB1F1-2A92-474F-BA40-FE2DB554951D}.Release|Any CPU.Build.0 = Release|Any CPU
	EndGlobalSection
EndGlobal
